<?xml version="1.0" encoding="utf-8"?>
<Project ToolsVersion="4.0" xmlns="http://schemas.microsoft.com/developer/msbuild/2003">
  <ItemGroup>
    <Filter Include="Source Files">
      <UniqueIdentifier>{4FC737F1-C7A5-4376-A066-2A32D752A2FF}</UniqueIdentifier>
      <Extensions>cpp;c;cc;cxx;c++;cppm;ixx;def;odl;idl;hpj;bat;asm;asmx</Extensions>
    </Filter>
    <Filter Include="Header Files">
      <UniqueIdentifier>{93995380-89BD-4b04-88EB-625FBE52EBFB}</UniqueIdentifier>
      <Extensions>h;hh;hpp;hxx;h++;hm;inl;inc;ipp;xsd</Extensions>
    </Filter>
    <Filter Include="Resource Files">
      <UniqueIdentifier>{67DA6AB6-F800-4c08-8B7A-83BB121AAD01}</UniqueIdentifier>
      <Extensions>rc;ico;cur;bmp;dlg;rc2;rct;bin;rgs;gif;jpg;jpeg;jpe;resx;tiff;tif;png;wav;mfcribbon-ms</Extensions>
    </Filter>
    <Filter Include="Resource Files\Shaders">
      <UniqueIdentifier>{bb5f4980-e1a0-4acb-b560-8e6d59b2b802}</UniqueIdentifier>
    </Filter>
    <Filter Include="Misc">
      <UniqueIdentifier>{ea9905b9-c678-482c-adc0-d46d3e245b14}</UniqueIdentifier>
    </Filter>
  </ItemGroup>
  <ItemGroup>
    <ClCompile Include="Src\Application.cpp">
      <Filter>Source Files</Filter>
    </ClCompile>
    <ClCompile Include="Src\AppWindow.cpp">
      <Filter>Source Files</Filter>
    </ClCompile>
    <ClCompile Include="Src\MainApp.cpp">
      <Filter>Source Files</Filter>
    </ClCompile>
    <ClCompile Include="Src\Shader.cpp">
      <Filter>Source Files</Filter>
    </ClCompile>
    <ClCompile Include="Src\RenderPipeline.cpp">
      <Filter>Source Files</Filter>
    </ClCompile>
    <ClCompile Include="Src\MemoryPool.cpp">
      <Filter>Source Files</Filter>
    </ClCompile>
    <ClCompile Include="Src\VulkanRenderer.cpp">
      <Filter>Source Files</Filter>
    </ClCompile>
    <ClCompile Include="Src\Mesh.cpp">
      <Filter>Source Files</Filter>
    </ClCompile>
    <ClCompile Include="Src\Model.cpp">
      <Filter>Source Files</Filter>
    </ClCompile>
    <ClCompile Include="Src\RenderPipelineBase.cpp">
      <Filter>Source Files</Filter>
    </ClCompile>
  </ItemGroup>
  <ItemGroup>
    <ClInclude Include="Src\Application.h">
      <Filter>Header Files</Filter>
    </ClInclude>
    <ClInclude Include="Src\AppWindow.h">
      <Filter>Header Files</Filter>
    </ClInclude>
    <ClInclude Include="Src\Shader.h">
      <Filter>Header Files</Filter>
    </ClInclude>
    <ClInclude Include="Src\RenderPipeline.h">
      <Filter>Header Files</Filter>
    </ClInclude>
    <ClInclude Include="Src\Utils.h">
      <Filter>Header Files</Filter>
    </ClInclude>
    <ClInclude Include="Src\ConstantsAndDefines.h">
      <Filter>Header Files</Filter>
    </ClInclude>
    <ClInclude Include="Src\MemoryPool.h">
      <Filter>Header Files</Filter>
    </ClInclude>
    <ClInclude Include="Src\VulkanRenderer.h">
      <Filter>Header Files</Filter>
    </ClInclude>
    <ClInclude Include="Src\Mesh.h">
      <Filter>Header Files</Filter>
    </ClInclude>
    <ClInclude Include="Src\Model.h">
      <Filter>Header Files</Filter>
    </ClInclude>
    <ClInclude Include="Src\RenderPipelineBase.h">
      <Filter>Header Files</Filter>
    </ClInclude>
    <ClInclude Include="Src\GfxPipelineCreationSets\RasterizationStateSets.h">
      <Filter>Header Files</Filter>
    </ClInclude>
    <ClInclude Include="Src\GfxPipelineCreationSets\InputAssemblyStateSets.h">
      <Filter>Header Files</Filter>
    </ClInclude>
    <ClInclude Include="Src\GfxPipelineCreationSets\MultisampleStateSets.h">
      <Filter>Header Files</Filter>
    </ClInclude>
    <ClInclude Include="Src\GfxPipelineCreationSets\ColourBlendAttachmentStateSets.h">
      <Filter>Header Files</Filter>
    </ClInclude>
    <ClInclude Include="Src\GfxPipelineCreationSets\DepthStencilStateSets.h">
      <Filter>Header Files</Filter>
    </ClInclude>
    <ClInclude Include="Src\GfxPipelineCreationSets\ViewportStateCreationSets.h">
      <Filter>Header Files</Filter>
    </ClInclude>
  </ItemGroup>
  <ItemGroup>
    <None Include="Res\Shaders\simple_shader.vert">
      <Filter>Resource Files\Shaders</Filter>
    </None>
    <None Include="Res\Shaders\simple_shader.frag">
      <Filter>Resource Files\Shaders</Filter>
    </None>
    <None Include="Res\CompiledShaders\simple_shader.vert.spv">
      <Filter>Misc</Filter>
    </None>
    <None Include="Res\CompiledShaders\simple_shader.frag.spv">
      <Filter>Misc</Filter>
    </None>
    <None Include="Res\glslc.exe">
      <Filter>Misc</Filter>
    </None>
    <None Include="Res\Shaders\second_subpass.vert" />
    <None Include="Res\Shaders\second_subpass.frag" />
  </ItemGroup>
  <ItemGroup>
    <Image Include="Res\Textures\testTexture.jpg">
      <Filter>Resource Files</Filter>
    </Image>
  </ItemGroup>
</Project>